
Microsoft Visual Studio Solution File, Format Version 12.00
# Visual Studio Version 16
VisualStudioVersion = 16.0.30114.105
MinimumVisualStudioVersion = 10.0.40219.1
Project("{2150E333-8FDC-42A3-9474-1A3956D46DE8}") = "src", "src", "{A1FB5B66-E32F-4789-9BE9-042E5BD21087}"
EndProject
Project("{FAE04EC0-301F-11D3-BF4B-00C04F79EFBC}") = "TDengineDriver", "src\TDengineDriver\TDengineDriver.csproj", "{5BED7402-0A65-4ED9-A491-C56BFB518045}"
EndProject
Project("{FAE04EC0-301F-11D3-BF4B-00C04F79EFBC}") = "Driver.Test", "src\Driver.Test\Driver.Test.csproj", "{91379500-EF58-41D7-8706-B504213E9C7C}"
EndProject
Project("{FAE04EC0-301F-11D3-BF4B-00C04F79EFBC}") = "examples", "examples\examples.csproj", "{543EF44D-554F-43A8-AC9F-93F8AF1CE123}"
EndProject
Global
	GlobalSection(SolutionConfigurationPlatforms) = preSolution
		Debug|Any CPU = Debug|Any CPU
		Debug|x64 = Debug|x64
		Debug|x86 = Debug|x86
		Release|Any CPU = Release|Any CPU
		Release|x64 = Release|x64
		Release|x86 = Release|x86
	EndGlobalSection
	GlobalSection(SolutionProperties) = preSolution
		HideSolutionNode = FALSE
	EndGlobalSection
	GlobalSection(ProjectConfigurationPlatforms) = postSolution
		{5BED7402-0A65-4ED9-A491-C56BFB518045}.Debug|Any CPU.ActiveCfg = Debug|Any CPU
		{5BED7402-0A65-4ED9-A491-C56BFB518045}.Debug|Any CPU.Build.0 = Debug|Any CPU
		{5BED7402-0A65-4ED9-A491-C56BFB518045}.Debug|x64.ActiveCfg = Debug|Any CPU
		{5BED7402-0A65-4ED9-A491-C56BFB518045}.Debug|x64.Build.0 = Debug|Any CPU
		{5BED7402-0A65-4ED9-A491-C56BFB518045}.Debug|x86.ActiveCfg = Debug|Any CPU
		{5BED7402-0A65-4ED9-A491-C56BFB518045}.Debug|x86.Build.0 = Debug|Any CPU
		{5BED7402-0A65-4ED9-A491-C56BFB518045}.Release|Any CPU.ActiveCfg = Release|Any CPU
		{5BED7402-0A65-4ED9-A491-C56BFB518045}.Release|Any CPU.Build.0 = Release|Any CPU
		{5BED7402-0A65-4ED9-A491-C56BFB518045}.Release|x64.ActiveCfg = Release|Any CPU
		{5BED7402-0A65-4ED9-A491-C56BFB518045}.Release|x64.Build.0 = Release|Any CPU
		{5BED7402-0A65-4ED9-A491-C56BFB518045}.Release|x86.ActiveCfg = Release|Any CPU
		{5BED7402-0A65-4ED9-A491-C56BFB518045}.Release|x86.Build.0 = Release|Any CPU
		{91379500-EF58-41D7-8706-B504213E9C7C}.Debug|Any CPU.ActiveCfg = Debug|Any CPU
		{91379500-EF58-41D7-8706-B504213E9C7C}.Debug|Any CPU.Build.0 = Debug|Any CPU
		{91379500-EF58-41D7-8706-B504213E9C7C}.Debug|x64.ActiveCfg = Debug|Any CPU
		{91379500-EF58-41D7-8706-B504213E9C7C}.Debug|x64.Build.0 = Debug|Any CPU
		{91379500-EF58-41D7-8706-B504213E9C7C}.Debug|x86.ActiveCfg = Debug|Any CPU
		{91379500-EF58-41D7-8706-B504213E9C7C}.Debug|x86.Build.0 = Debug|Any CPU
		{91379500-EF58-41D7-8706-B504213E9C7C}.Release|Any CPU.ActiveCfg = Release|Any CPU
		{91379500-EF58-41D7-8706-B504213E9C7C}.Release|Any CPU.Build.0 = Release|Any CPU
		{91379500-EF58-41D7-8706-B504213E9C7C}.Release|x64.ActiveCfg = Release|Any CPU
		{91379500-EF58-41D7-8706-B504213E9C7C}.Release|x64.Build.0 = Release|Any CPU
		{91379500-EF58-41D7-8706-B504213E9C7C}.Release|x86.ActiveCfg = Release|Any CPU
		{91379500-EF58-41D7-8706-B504213E9C7C}.Release|x86.Build.0 = Release|Any CPU
		{543EF44D-554F-43A8-AC9F-93F8AF1CE123}.Debug|Any CPU.ActiveCfg = Debug|Any CPU
		{543EF44D-554F-43A8-AC9F-93F8AF1CE123}.Debug|Any CPU.Build.0 = Debug|Any CPU
		{543EF44D-554F-43A8-AC9F-93F8AF1CE123}.Debug|x64.ActiveCfg = Debug|Any CPU
		{543EF44D-554F-43A8-AC9F-93F8AF1CE123}.Debug|x64.Build.0 = Debug|Any CPU
		{543EF44D-554F-43A8-AC9F-93F8AF1CE123}.Debug|x86.ActiveCfg = Debug|Any CPU
		{543EF44D-554F-43A8-AC9F-93F8AF1CE123}.Debug|x86.Build.0 = Debug|Any CPU
		{543EF44D-554F-43A8-AC9F-93F8AF1CE123}.Release|Any CPU.ActiveCfg = Release|Any CPU
		{543EF44D-554F-43A8-AC9F-93F8AF1CE123}.Release|Any CPU.Build.0 = Release|Any CPU
		{543EF44D-554F-43A8-AC9F-93F8AF1CE123}.Release|x64.ActiveCfg = Release|Any CPU
		{543EF44D-554F-43A8-AC9F-93F8AF1CE123}.Release|x64.Build.0 = Release|Any CPU
		{543EF44D-554F-43A8-AC9F-93F8AF1CE123}.Release|x86.ActiveCfg = Release|Any CPU
		{543EF44D-554F-43A8-AC9F-93F8AF1CE123}.Release|x86.Build.0 = Release|Any CPU
	EndGlobalSection
	GlobalSection(NestedProjects) = preSolution
		{5BED7402-0A65-4ED9-A491-C56BFB518045} = {A1FB5B66-E32F-4789-9BE9-042E5BD21087}
		{91379500-EF58-41D7-8706-B504213E9C7C} = {A1FB5B66-E32F-4789-9BE9-042E5BD21087}
	EndGlobalSection
EndGlobal
