
Microsoft Visual Studio Solution File, Format Version 12.00
# Visual Studio Version 16
VisualStudioVersion = 16.0.30114.105
MinimumVisualStudioVersion = 10.0.40219.1
Project("{FAE04EC0-301F-11D3-BF4B-00C04F79EFBC}") = "FrameWork45", "FrameWork45\FrameWork45.csproj", "{1B5FA1A4-6572-4F1C-9104-7AA62D980080}"
EndProject
Project("{FAE04EC0-301F-11D3-BF4B-00C04F79EFBC}") = "Net6Examples", "NET6Examples\Net6Examples.csproj", "{6D4F7D97-A3A9-4BC7-AE53-D0BABC6508D1}"
EndProject
Global
	GlobalSection(SolutionConfigurationPlatforms) = preSolution
		Debug|Any CPU = Debug|Any CPU
		Release|Any CPU = Release|Any CPU
	EndGlobalSection
	GlobalSection(SolutionProperties) = preSolution
		HideSolutionNode = FALSE
	EndGlobalSection
	GlobalSection(ProjectConfigurationPlatforms) = postSolution
		{1B5FA1A4-6572-4F1C-9104-7AA62D980080}.Debug|Any CPU.ActiveCfg = Debug|Any CPU
		{1B5FA1A4-6572-4F1C-9104-7AA62D980080}.Debug|Any CPU.Build.0 = Debug|Any CPU
		{1B5FA1A4-6572-4F1C-9104-7AA62D980080}.Release|Any CPU.ActiveCfg = Debug|Any CPU
		{1B5FA1A4-6572-4F1C-9104-7AA62D980080}.Release|Any CPU.Build.0 = Debug|Any CPU
		{6D4F7D97-A3A9-4BC7-AE53-D0BABC6508D1}.Debug|Any CPU.ActiveCfg = Debug|Any CPU
		{6D4F7D97-A3A9-4BC7-AE53-D0BABC6508D1}.Debug|Any CPU.Build.0 = Debug|Any CPU
		{6D4F7D97-A3A9-4BC7-AE53-D0BABC6508D1}.Release|Any CPU.ActiveCfg = Release|Any CPU
		{6D4F7D97-A3A9-4BC7-AE53-D0BABC6508D1}.Release|Any CPU.Build.0 = Release|Any CPU
	EndGlobalSection
EndGlobal
